// !$*UTF8*$!
{
	archiveVersion = 1;
	classes = {
	};
	objectVersion = 46;
	objects = {

/* Begin PBXBuildFile section */
		D31364881CE0891C00EA8E5D /* IEngine.cpp in Sources */ = {isa = PBXBuildFile; fileRef = D31364871CE0891C00EA8E5D /* IEngine.cpp */; };
		D353C9141CD99631004963A1 /* main.cpp in Sources */ = {isa = PBXBuildFile; fileRef = D353C9131CD99631004963A1 /* main.cpp */; };
		D353C91D1CD99F78004963A1 /* Predicate.cpp in Sources */ = {isa = PBXBuildFile; fileRef = D353C91C1CD99F78004963A1 /* Predicate.cpp */; };
		D353C9231CD9A9A1004963A1 /* Utilities.cpp in Sources */ = {isa = PBXBuildFile; fileRef = D353C9211CD9A9A1004963A1 /* Utilities.cpp */; };
		D382DFAD1CE4721D00BD79C9 /* TruthTable.cpp in Sources */ = {isa = PBXBuildFile; fileRef = D382DFAB1CE4721D00BD79C9 /* TruthTable.cpp */; };
		D382DFC91CE499A800BD79C9 /* main.cpp in Sources */ = {isa = PBXBuildFile; fileRef = D382DFC81CE499A800BD79C9 /* main.cpp */; };
/* End PBXBuildFile section */

/* Begin PBXCopyFilesBuildPhase section */
		D353C90E1CD99631004963A1 /* CopyFiles */ = {
			isa = PBXCopyFilesBuildPhase;
			buildActionMask = 2147483647;
			dstPath = /usr/share/man/man1/;
			dstSubfolderSpec = 0;
			files = (
			);
			runOnlyForDeploymentPostprocessing = 1;
		};
		D382DFC41CE499A800BD79C9 /* CopyFiles */ = {
			isa = PBXCopyFilesBuildPhase;
			buildActionMask = 2147483647;
			dstPath = /usr/share/man/man1/;
			dstSubfolderSpec = 0;
			files = (
			);
			runOnlyForDeploymentPostprocessing = 1;
		};
/* End PBXCopyFilesBuildPhase section */

/* Begin PBXFileReference section */
		D31364861CE0891C00EA8E5D /* IEngine.h */ = {isa = PBXFileReference; fileEncoding = 4; lastKnownFileType = sourcecode.c.h; path = IEngine.h; sourceTree = "<group>"; };
		D31364871CE0891C00EA8E5D /* IEngine.cpp */ = {isa = PBXFileReference; fileEncoding = 4; lastKnownFileType = sourcecode.cpp.cpp; path = IEngine.cpp; sourceTree = "<group>"; };
		D353C9101CD99631004963A1 /* iEngine */ = {isa = PBXFileReference; explicitFileType = "compiled.mach-o.executable"; includeInIndex = 0; path = iEngine; sourceTree = BUILT_PRODUCTS_DIR; };
		D353C9131CD99631004963A1 /* main.cpp */ = {isa = PBXFileReference; lastKnownFileType = sourcecode.cpp.cpp; path = main.cpp; sourceTree = "<group>"; };
		D353C91B1CD99D0E004963A1 /* Predicate.h */ = {isa = PBXFileReference; lastKnownFileType = sourcecode.c.h; path = Predicate.h; sourceTree = "<group>"; };
		D353C91C1CD99F78004963A1 /* Predicate.cpp */ = {isa = PBXFileReference; fileEncoding = 4; lastKnownFileType = sourcecode.cpp.cpp; path = Predicate.cpp; sourceTree = "<group>"; };
		D353C9211CD9A9A1004963A1 /* Utilities.cpp */ = {isa = PBXFileReference; fileEncoding = 4; lastKnownFileType = sourcecode.cpp.cpp; path = Utilities.cpp; sourceTree = "<group>"; };
		D353C9221CD9A9A1004963A1 /* Utilities.h */ = {isa = PBXFileReference; fileEncoding = 4; lastKnownFileType = sourcecode.c.h; path = Utilities.h; sourceTree = "<group>"; };
		D353C9271CD9BB97004963A1 /* test.txt */ = {isa = PBXFileReference; fileEncoding = 4; lastKnownFileType = text; path = test.txt; sourceTree = "<group>"; };
		D382DFAB1CE4721D00BD79C9 /* TruthTable.cpp */ = {isa = PBXFileReference; fileEncoding = 4; lastKnownFileType = sourcecode.cpp.cpp; path = TruthTable.cpp; sourceTree = "<group>"; };
		D382DFAC1CE4721D00BD79C9 /* TruthTable.h */ = {isa = PBXFileReference; fileEncoding = 4; lastKnownFileType = sourcecode.c.h; path = TruthTable.h; sourceTree = "<group>"; };
		D382DFC61CE499A800BD79C9 /* IEngineTest */ = {isa = PBXFileReference; explicitFileType = "compiled.mach-o.executable"; includeInIndex = 0; path = IEngineTest; sourceTree = BUILT_PRODUCTS_DIR; };
		D382DFC81CE499A800BD79C9 /* main.cpp */ = {isa = PBXFileReference; lastKnownFileType = sourcecode.cpp.cpp; path = main.cpp; sourceTree = "<group>"; };
/* End PBXFileReference section */

/* Begin PBXFrameworksBuildPhase section */
		D353C90D1CD99631004963A1 /* Frameworks */ = {
			isa = PBXFrameworksBuildPhase;
			buildActionMask = 2147483647;
			files = (
			);
			runOnlyForDeploymentPostprocessing = 0;
		};
		D382DFC31CE499A800BD79C9 /* Frameworks */ = {
			isa = PBXFrameworksBuildPhase;
			buildActionMask = 2147483647;
			files = (
			);
			runOnlyForDeploymentPostprocessing = 0;
		};
/* End PBXFrameworksBuildPhase section */

/* Begin PBXGroup section */
		D353C9071CD99631004963A1 = {
			isa = PBXGroup;
			children = (
				D353C9121CD99631004963A1 /* iEngine */,
				D382DFC71CE499A800BD79C9 /* IEngineTest */,
				D353C9111CD99631004963A1 /* Products */,
			);
			sourceTree = "<group>";
		};
		D353C9111CD99631004963A1 /* Products */ = {
			isa = PBXGroup;
			children = (
				D353C9101CD99631004963A1 /* iEngine */,
				D382DFC61CE499A800BD79C9 /* IEngineTest */,
			);
			name = Products;
			sourceTree = "<group>";
		};
		D353C9121CD99631004963A1 /* iEngine */ = {
			isa = PBXGroup;
			children = (
				D31364861CE0891C00EA8E5D /* IEngine.h */,
				D31364871CE0891C00EA8E5D /* IEngine.cpp */,
				D353C9271CD9BB97004963A1 /* test.txt */,
				D353C9211CD9A9A1004963A1 /* Utilities.cpp */,
				D353C9221CD9A9A1004963A1 /* Utilities.h */,
				D353C9131CD99631004963A1 /* main.cpp */,
				D353C91B1CD99D0E004963A1 /* Predicate.h */,
				D353C91C1CD99F78004963A1 /* Predicate.cpp */,
				D382DFAC1CE4721D00BD79C9 /* TruthTable.h */,
				D382DFAB1CE4721D00BD79C9 /* TruthTable.cpp */,
			);
			path = iEngine;
			sourceTree = "<group>";
		};
		D382DFC71CE499A800BD79C9 /* IEngineTest */ = {
			isa = PBXGroup;
			children = (
				D382DFC81CE499A800BD79C9 /* main.cpp */,
			);
			path = IEngineTest;
			sourceTree = "<group>";
		};
/* End PBXGroup section */

/* Begin PBXNativeTarget section */
		D353C90F1CD99631004963A1 /* iEngine */ = {
			isa = PBXNativeTarget;
			buildConfigurationList = D353C9171CD99631004963A1 /* Build configuration list for PBXNativeTarget "iEngine" */;
			buildPhases = (
				D353C90C1CD99631004963A1 /* Sources */,
				D353C90D1CD99631004963A1 /* Frameworks */,
				D353C90E1CD99631004963A1 /* CopyFiles */,
			);
			buildRules = (
			);
			dependencies = (
			);
			name = iEngine;
			productName = iEngine;
			productReference = D353C9101CD99631004963A1 /* iEngine */;
			productType = "com.apple.product-type.tool";
		};
		D382DFC51CE499A800BD79C9 /* IEngineTest */ = {
			isa = PBXNativeTarget;
			buildConfigurationList = D382DFCA1CE499A800BD79C9 /* Build configuration list for PBXNativeTarget "IEngineTest" */;
			buildPhases = (
				D382DFC21CE499A800BD79C9 /* Sources */,
				D382DFC31CE499A800BD79C9 /* Frameworks */,
				D382DFC41CE499A800BD79C9 /* CopyFiles */,
			);
			buildRules = (
			);
			dependencies = (
			);
			name = IEngineTest;
			productName = IEngineTest;
			productReference = D382DFC61CE499A800BD79C9 /* IEngineTest */;
			productType = "com.apple.product-type.tool";
		};
/* End PBXNativeTarget section */

/* Begin PBXProject section */
		D353C9081CD99631004963A1 /* Project object */ = {
			isa = PBXProject;
			attributes = {
				LastUpgradeCheck = 0730;
				ORGANIZATIONNAME = "Isuru Kusumal Rajapakse";
				TargetAttributes = {
					D353C90F1CD99631004963A1 = {
						CreatedOnToolsVersion = 7.3;
					};
					D382DFC51CE499A800BD79C9 = {
						CreatedOnToolsVersion = 7.3;
					};
				};
			};
			buildConfigurationList = D353C90B1CD99631004963A1 /* Build configuration list for PBXProject "iEngine" */;
			compatibilityVersion = "Xcode 3.2";
			developmentRegion = English;
			hasScannedForEncodings = 0;
			knownRegions = (
				en,
			);
			mainGroup = D353C9071CD99631004963A1;
			productRefGroup = D353C9111CD99631004963A1 /* Products */;
			projectDirPath = "";
			projectRoot = "";
			targets = (
				D353C90F1CD99631004963A1 /* iEngine */,
				D382DFC51CE499A800BD79C9 /* IEngineTest */,
			);
		};
/* End PBXProject section */

/* Begin PBXSourcesBuildPhase section */
		D353C90C1CD99631004963A1 /* Sources */ = {
			isa = PBXSourcesBuildPhase;
			buildActionMask = 2147483647;
			files = (
				D353C9141CD99631004963A1 /* main.cpp in Sources */,
				D382DFAD1CE4721D00BD79C9 /* TruthTable.cpp in Sources */,
				D353C91D1CD99F78004963A1 /* Predicate.cpp in Sources */,
				D353C9231CD9A9A1004963A1 /* Utilities.cpp in Sources */,
				D31364881CE0891C00EA8E5D /* IEngine.cpp in Sources */,
			);
			runOnlyForDeploymentPostprocessing = 0;
		};
		D382DFC21CE499A800BD79C9 /* Sources */ = {
			isa = PBXSourcesBuildPhase;
			buildActionMask = 2147483647;
			files = (
				D382DFC91CE499A800BD79C9 /* main.cpp in Sources */,
			);
			runOnlyForDeploymentPostprocessing = 0;
		};
/* End PBXSourcesBuildPhase section */

/* Begin XCBuildConfiguration section */
		D353C9151CD99631004963A1 /* Debug */ = {
			isa = XCBuildConfiguration;
			buildSettings = {
				ALWAYS_SEARCH_USER_PATHS = NO;
				CLANG_ANALYZER_NONNULL = YES;
				CLANG_CXX_LANGUAGE_STANDARD = "gnu++0x";
				CLANG_CXX_LIBRARY = "libc++";
				CLANG_ENABLE_MODULES = YES;
				CLANG_ENABLE_OBJC_ARC = YES;
				CLANG_WARN_BOOL_CONVERSION = YES;
				CLANG_WARN_CONSTANT_CONVERSION = YES;
				CLANG_WARN_DIRECT_OBJC_ISA_USAGE = YES_ERROR;
				CLANG_WARN_EMPTY_BODY = YES;
				CLANG_WARN_ENUM_CONVERSION = YES;
				CLANG_WARN_INT_CONVERSION = YES;
				CLANG_WARN_OBJC_ROOT_CLASS = YES_ERROR;
				CLANG_WARN_UNREACHABLE_CODE = YES;
				CLANG_WARN__DUPLICATE_METHOD_MATCH = YES;
				CODE_SIGN_IDENTITY = "-";
				COPY_PHASE_STRIP = NO;
				DEBUG_INFORMATION_FORMAT = dwarf;
				ENABLE_STRICT_OBJC_MSGSEND = YES;
				ENABLE_TESTABILITY = YES;
				GCC_C_LANGUAGE_STANDARD = gnu99;
				GCC_DYNAMIC_NO_PIC = NO;
				GCC_NO_COMMON_BLOCKS = YES;
				GCC_OPTIMIZATION_LEVEL = 0;
				GCC_PREPROCESSOR_DEFINITIONS = (
					"DEBUG=1",
					"$(inherited)",
				);
				GCC_WARN_64_TO_32_BIT_CONVERSION = YES;
				GCC_WARN_ABOUT_RETURN_TYPE = YES_ERROR;
				GCC_WARN_UNDECLARED_SELECTOR = YES;
				GCC_WARN_UNINITIALIZED_AUTOS = YES_AGGRESSIVE;
				GCC_WARN_UNUSED_FUNCTION = YES;
				GCC_WARN_UNUSED_VARIABLE = YES;
				MACOSX_DEPLOYMENT_TARGET = 10.11;
				MTL_ENABLE_DEBUG_INFO = YES;
				ONLY_ACTIVE_ARCH = YES;
				SDKROOT = macosx;
			};
			name = Debug;
		};
		D353C9161CD99631004963A1 /* Release */ = {
			isa = XCBuildConfiguration;
			buildSettings = {
				ALWAYS_SEARCH_USER_PATHS = NO;
				CLANG_ANALYZER_NONNULL = YES;
				CLANG_CXX_LANGUAGE_STANDARD = "gnu++0x";
				CLANG_CXX_LIBRARY = "libc++";
				CLANG_ENABLE_MODULES = YES;
				CLANG_ENABLE_OBJC_ARC = YES;
				CLANG_WARN_BOOL_CONVERSION = YES;
				CLANG_WARN_CONSTANT_CONVERSION = YES;
				CLANG_WARN_DIRECT_OBJC_ISA_USAGE = YES_ERROR;
				CLANG_WARN_EMPTY_BODY = YES;
				CLANG_WARN_ENUM_CONVERSION = YES;
				CLANG_WARN_INT_CONVERSION = YES;
				CLANG_WARN_OBJC_ROOT_CLASS = YES_ERROR;
				CLANG_WARN_UNREACHABLE_CODE = YES;
				CLANG_WARN__DUPLICATE_METHOD_MATCH = YES;
				CODE_SIGN_IDENTITY = "-";
				COPY_PHASE_STRIP = NO;
				DEBUG_INFORMATION_FORMAT = "dwarf-with-dsym";
				ENABLE_NS_ASSERTIONS = NO;
				ENABLE_STRICT_OBJC_MSGSEND = YES;
				GCC_C_LANGUAGE_STANDARD = gnu99;
				GCC_NO_COMMON_BLOCKS = YES;
				GCC_WARN_64_TO_32_BIT_CONVERSION = YES;
				GCC_WARN_ABOUT_RETURN_TYPE = YES_ERROR;
				GCC_WARN_UNDECLARED_SELECTOR = YES;
				GCC_WARN_UNINITIALIZED_AUTOS = YES_AGGRESSIVE;
				GCC_WARN_UNUSED_FUNCTION = YES;
				GCC_WARN_UNUSED_VARIABLE = YES;
				MACOSX_DEPLOYMENT_TARGET = 10.11;
				MTL_ENABLE_DEBUG_INFO = NO;
				SDKROOT = macosx;
			};
			name = Release;
		};
		D353C9181CD99631004963A1 /* Debug */ = {
			isa = XCBuildConfiguration;
			buildSettings = {
				FRAMEWORK_SEARCH_PATHS = (
					"$(inherited)",
					"$(PROJECT_DIR)/Framework",
				);
				LIBRARY_SEARCH_PATHS = (
					"$(inherited)",
					"$(PROJECT_DIR)/Framework",
				);
				PRODUCT_NAME = "$(TARGET_NAME)";
				USER_HEADER_SEARCH_PATHS = "$(PROJECT_DIR)/Framework/Headers/internal/ $(PROJECT_DIR)/Framework/catch/";
			};
			name = Debug;
		};
		D353C9191CD99631004963A1 /* Release */ = {
			isa = XCBuildConfiguration;
			buildSettings = {
				FRAMEWORK_SEARCH_PATHS = (
					"$(inherited)",
					"$(PROJECT_DIR)/Framework",
				);
				LIBRARY_SEARCH_PATHS = (
					"$(inherited)",
					"$(PROJECT_DIR)/Framework",
				);
				PRODUCT_NAME = "$(TARGET_NAME)";
				USER_HEADER_SEARCH_PATHS = "$(PROJECT_DIR)/Framework/Headers/internal/ $(PROJECT_DIR)/Framework/catch/";
			};
			name = Release;
		};
		D382DFCB1CE499A800BD79C9 /* Debug */ = {
			isa = XCBuildConfiguration;
			buildSettings = {
				PRODUCT_NAME = "$(TARGET_NAME)";
			};
			name = Debug;
		};
		D382DFCC1CE499A800BD79C9 /* Release */ = {
			isa = XCBuildConfiguration;
			buildSettings = {
				PRODUCT_NAME = "$(TARGET_NAME)";
			};
			name = Release;
		};
/* End XCBuildConfiguration section */

/* Begin XCConfigurationList section */
		D353C90B1CD99631004963A1 /* Build configuration list for PBXProject "iEngine" */ = {
			isa = XCConfigurationList;
			buildConfigurations = (
				D353C9151CD99631004963A1 /* Debug */,
				D353C9161CD99631004963A1 /* Release */,
			);
			defaultConfigurationIsVisible = 0;
			defaultConfigurationName = Release;
		};
		D353C9171CD99631004963A1 /* Build configuration list for PBXNativeTarget "iEngine" */ = {
			isa = XCConfigurationList;
			buildConfigurations = (
				D353C9181CD99631004963A1 /* Debug */,
				D353C9191CD99631004963A1 /* Release */,
			);
			defaultConfigurationIsVisible = 0;
			defaultConfigurationName = Release;
		};
		D382DFCA1CE499A800BD79C9 /* Build configuration list for PBXNativeTarget "IEngineTest" */ = {
			isa = XCConfigurationList;
			buildConfigurations = (
				D382DFCB1CE499A800BD79C9 /* Debug */,
				D382DFCC1CE499A800BD79C9 /* Release */,
			);
			defaultConfigurationIsVisible = 0;
		};
/* End XCConfigurationList section */
	};
	rootObject = D353C9081CD99631004963A1 /* Project object */;
}
